// !$*UTF8*$!
{
	archiveVersion = 1;
	classes = {
	};
	objectVersion = 56;
	objects = {

/* Begin PBXBuildFile section */
		FA82A12F294F2C2800410378 /* AdditionalAccentColors.tiff in Resources */ = {isa = PBXBuildFile; fileRef = FA82A12E294F2C2800410378 /* AdditionalAccentColors.tiff */; };
		FA82A132294F2C2800410378 /* AdditionalAccentColors.xib in Resources */ = {isa = PBXBuildFile; fileRef = FA82A130294F2C2800410378 /* AdditionalAccentColors.xib */; };
		FA82A153294F2E9800410378 /* AppDelegate.swift in Sources */ = {isa = PBXBuildFile; fileRef = FA82A152294F2E9800410378 /* AppDelegate.swift */; };
		FA82A155294F2E9900410378 /* Assets.xcassets in Resources */ = {isa = PBXBuildFile; fileRef = FA82A154294F2E9900410378 /* Assets.xcassets */; };
		FA82A158294F2E9900410378 /* MainMenu.xib in Resources */ = {isa = PBXBuildFile; fileRef = FA82A156294F2E9900410378 /* MainMenu.xib */; };
		FA82A15D294F315C00410378 /* PrefPane.swift in Sources */ = {isa = PBXBuildFile; fileRef = FA82A12C294F2C2800410378 /* PrefPane.swift */; };
		FA8B1B0F295167CC0076694B /* AdditionalAccentColors.xib in Resources */ = {isa = PBXBuildFile; fileRef = FA82A130294F2C2800410378 /* AdditionalAccentColors.xib */; };
		FA8B1B12295168910076694B /* PreferencePaneWrapper.swift in Sources */ = {isa = PBXBuildFile; fileRef = FA8B1B11295168910076694B /* PreferencePaneWrapper.swift */; };
		FA8B1B2C29517FF50076694B /* PrefPane.swift in Sources */ = {isa = PBXBuildFile; fileRef = FA82A12C294F2C2800410378 /* PrefPane.swift */; };
/* End PBXBuildFile section */

/* Begin PBXFileReference section */
		FA8062AA294F51B900E8CBF6 /* PrefPane-Bridging-Header.h */ = {isa = PBXFileReference; lastKnownFileType = sourcecode.c.h; path = "PrefPane-Bridging-Header.h"; sourceTree = "<group>"; };
		FA82A127294F2C2800410378 /* AdditionalAccentColors.prefPane */ = {isa = PBXFileReference; explicitFileType = wrapper.cfbundle; includeInIndex = 0; path = AdditionalAccentColors.prefPane; sourceTree = BUILT_PRODUCTS_DIR; };
		FA82A12C294F2C2800410378 /* PrefPane.swift */ = {isa = PBXFileReference; lastKnownFileType = sourcecode.swift; path = PrefPane.swift; sourceTree = "<group>"; };
		FA82A12E294F2C2800410378 /* AdditionalAccentColors.tiff */ = {isa = PBXFileReference; lastKnownFileType = image.tiff; path = AdditionalAccentColors.tiff; sourceTree = "<group>"; };
		FA82A131294F2C2800410378 /* Base */ = {isa = PBXFileReference; lastKnownFileType = file.xib; name = Base; path = Base.lproj/AdditionalAccentColors.xib; sourceTree = "<group>"; };
		FA82A133294F2C2800410378 /* Info.plist */ = {isa = PBXFileReference; lastKnownFileType = text.plist.xml; path = Info.plist; sourceTree = "<group>"; };
		FA82A150294F2E9800410378 /* AdditionalAccentColors.app */ = {isa = PBXFileReference; explicitFileType = wrapper.application; includeInIndex = 0; path = AdditionalAccentColors.app; sourceTree = BUILT_PRODUCTS_DIR; };
		FA82A152294F2E9800410378 /* AppDelegate.swift */ = {isa = PBXFileReference; lastKnownFileType = sourcecode.swift; path = AppDelegate.swift; sourceTree = "<group>"; };
		FA82A154294F2E9900410378 /* Assets.xcassets */ = {isa = PBXFileReference; lastKnownFileType = folder.assetcatalog; path = Assets.xcassets; sourceTree = "<group>"; };
		FA82A157294F2E9900410378 /* Base */ = {isa = PBXFileReference; lastKnownFileType = file.xib; name = Base; path = Base.lproj/MainMenu.xib; sourceTree = "<group>"; };
		FA82A159294F2E9900410378 /* StandaloneApp.entitlements */ = {isa = PBXFileReference; lastKnownFileType = text.plist.entitlements; path = StandaloneApp.entitlements; sourceTree = "<group>"; };
		FA8B1B11295168910076694B /* PreferencePaneWrapper.swift */ = {isa = PBXFileReference; lastKnownFileType = sourcecode.swift; path = PreferencePaneWrapper.swift; sourceTree = "<group>"; };
/* End PBXFileReference section */

/* Begin PBXFrameworksBuildPhase section */
		FA82A124294F2C2800410378 /* Frameworks */ = {
			isa = PBXFrameworksBuildPhase;
			buildActionMask = 2147483647;
			files = (
			);
			runOnlyForDeploymentPostprocessing = 0;
		};
		FA82A14D294F2E9800410378 /* Frameworks */ = {
			isa = PBXFrameworksBuildPhase;
			buildActionMask = 2147483647;
			files = (
			);
			runOnlyForDeploymentPostprocessing = 0;
		};
/* End PBXFrameworksBuildPhase section */

/* Begin PBXGroup section */
		FA82A11D294F2C2800410378 = {
			isa = PBXGroup;
			children = (
				FA82A129294F2C2800410378 /* AdditionalAccentColors */,
				FA82A151294F2E9800410378 /* StandaloneApp */,
				FA82A128294F2C2800410378 /* Products */,
			);
			sourceTree = "<group>";
		};
		FA82A128294F2C2800410378 /* Products */ = {
			isa = PBXGroup;
			children = (
				FA82A127294F2C2800410378 /* AdditionalAccentColors.prefPane */,
				FA82A150294F2E9800410378 /* AdditionalAccentColors.app */,
			);
			name = Products;
			sourceTree = "<group>";
		};
		FA82A129294F2C2800410378 /* AdditionalAccentColors */ = {
			isa = PBXGroup;
			children = (
				FA82A12E294F2C2800410378 /* AdditionalAccentColors.tiff */,
				FA82A130294F2C2800410378 /* AdditionalAccentColors.xib */,
				FA82A133294F2C2800410378 /* Info.plist */,
				FA82A12C294F2C2800410378 /* PrefPane.swift */,
				FA8062AA294F51B900E8CBF6 /* PrefPane-Bridging-Header.h */,
			);
			path = AdditionalAccentColors;
			sourceTree = "<group>";
		};
		FA82A151294F2E9800410378 /* StandaloneApp */ = {
			isa = PBXGroup;
			children = (
				FA82A152294F2E9800410378 /* AppDelegate.swift */,
				FA8B1B11295168910076694B /* PreferencePaneWrapper.swift */,
				FA82A154294F2E9900410378 /* Assets.xcassets */,
				FA82A156294F2E9900410378 /* MainMenu.xib */,
				FA82A159294F2E9900410378 /* StandaloneApp.entitlements */,
			);
			path = StandaloneApp;
			sourceTree = "<group>";
		};
/* End PBXGroup section */

/* Begin PBXHeadersBuildPhase section */
		FA82A122294F2C2800410378 /* Headers */ = {
			isa = PBXHeadersBuildPhase;
			buildActionMask = 2147483647;
			files = (
			);
			runOnlyForDeploymentPostprocessing = 0;
		};
/* End PBXHeadersBuildPhase section */

/* Begin PBXNativeTarget section */
		FA82A126294F2C2800410378 /* PrefPane */ = {
			isa = PBXNativeTarget;
			buildConfigurationList = FA82A136294F2C2800410378 /* Build configuration list for PBXNativeTarget "PrefPane" */;
			buildPhases = (
				FA82A123294F2C2800410378 /* Sources */,
				FA82A124294F2C2800410378 /* Frameworks */,
				FA82A122294F2C2800410378 /* Headers */,
				FA82A125294F2C2800410378 /* Resources */,
			);
			buildRules = (
			);
			dependencies = (
			);
			name = PrefPane;
			productName = AdditionalAccentColors;
			productReference = FA82A127294F2C2800410378 /* AdditionalAccentColors.prefPane */;
			productType = "com.apple.product-type.bundle";
		};
		FA82A14F294F2E9800410378 /* StandaloneApp */ = {
			isa = PBXNativeTarget;
			buildConfigurationList = FA82A15A294F2E9900410378 /* Build configuration list for PBXNativeTarget "StandaloneApp" */;
			buildPhases = (
				FA82A14C294F2E9800410378 /* Sources */,
				FA82A14D294F2E9800410378 /* Frameworks */,
				FA82A14E294F2E9800410378 /* Resources */,
			);
			buildRules = (
			);
			dependencies = (
			);
			name = StandaloneApp;
			productName = StandaloneApp;
			productReference = FA82A150294F2E9800410378 /* AdditionalAccentColors.app */;
			productType = "com.apple.product-type.application";
		};
/* End PBXNativeTarget section */

/* Begin PBXProject section */
		FA82A11E294F2C2800410378 /* Project object */ = {
			isa = PBXProject;
			attributes = {
				BuildIndependentTargetsInParallel = 1;
				LastSwiftUpdateCheck = 1420;
				LastUpgradeCheck = 1420;
				TargetAttributes = {
					FA82A126294F2C2800410378 = {
						CreatedOnToolsVersion = 14.2;
						LastSwiftMigration = 1420;
					};
					FA82A14F294F2E9800410378 = {
						CreatedOnToolsVersion = 14.2;
					};
				};
			};
			buildConfigurationList = FA82A121294F2C2800410378 /* Build configuration list for PBXProject "AdditionalAccentColors" */;
			compatibilityVersion = "Xcode 14.0";
			developmentRegion = en;
			hasScannedForEncodings = 0;
			knownRegions = (
				en,
				Base,
			);
			mainGroup = FA82A11D294F2C2800410378;
			productRefGroup = FA82A128294F2C2800410378 /* Products */;
			projectDirPath = "";
			projectRoot = "";
			targets = (
				FA82A126294F2C2800410378 /* PrefPane */,
				FA82A14F294F2E9800410378 /* StandaloneApp */,
			);
		};
/* End PBXProject section */

/* Begin PBXResourcesBuildPhase section */
		FA82A125294F2C2800410378 /* Resources */ = {
			isa = PBXResourcesBuildPhase;
			buildActionMask = 2147483647;
			files = (
				FA82A12F294F2C2800410378 /* AdditionalAccentColors.tiff in Resources */,
				FA82A132294F2C2800410378 /* AdditionalAccentColors.xib in Resources */,
			);
			runOnlyForDeploymentPostprocessing = 0;
		};
		FA82A14E294F2E9800410378 /* Resources */ = {
			isa = PBXResourcesBuildPhase;
			buildActionMask = 2147483647;
			files = (
				FA8B1B0F295167CC0076694B /* AdditionalAccentColors.xib in Resources */,
				FA82A155294F2E9900410378 /* Assets.xcassets in Resources */,
				FA82A158294F2E9900410378 /* MainMenu.xib in Resources */,
			);
			runOnlyForDeploymentPostprocessing = 0;
		};
/* End PBXResourcesBuildPhase section */

/* Begin PBXSourcesBuildPhase section */
		FA82A123294F2C2800410378 /* Sources */ = {
			isa = PBXSourcesBuildPhase;
			buildActionMask = 2147483647;
			files = (
				FA82A15D294F315C00410378 /* PrefPane.swift in Sources */,
			);
			runOnlyForDeploymentPostprocessing = 0;
		};
		FA82A14C294F2E9800410378 /* Sources */ = {
			isa = PBXSourcesBuildPhase;
			buildActionMask = 2147483647;
			files = (
				FA8B1B12295168910076694B /* PreferencePaneWrapper.swift in Sources */,
				FA82A153294F2E9800410378 /* AppDelegate.swift in Sources */,
				FA8B1B2C29517FF50076694B /* PrefPane.swift in Sources */,
			);
			runOnlyForDeploymentPostprocessing = 0;
		};
/* End PBXSourcesBuildPhase section */

/* Begin PBXVariantGroup section */
		FA82A130294F2C2800410378 /* AdditionalAccentColors.xib */ = {
			isa = PBXVariantGroup;
			children = (
				FA82A131294F2C2800410378 /* Base */,
			);
			name = AdditionalAccentColors.xib;
			sourceTree = "<group>";
		};
		FA82A156294F2E9900410378 /* MainMenu.xib */ = {
			isa = PBXVariantGroup;
			children = (
				FA82A157294F2E9900410378 /* Base */,
			);
			name = MainMenu.xib;
			sourceTree = "<group>";
		};
/* End PBXVariantGroup section */

/* Begin XCBuildConfiguration section */
		FA82A134294F2C2800410378 /* Debug */ = {
			isa = XCBuildConfiguration;
			buildSettings = {
				ALWAYS_SEARCH_USER_PATHS = NO;
				CLANG_ANALYZER_NONNULL = YES;
				CLANG_ANALYZER_NUMBER_OBJECT_CONVERSION = YES_AGGRESSIVE;
				CLANG_CXX_LANGUAGE_STANDARD = "gnu++20";
				CLANG_ENABLE_MODULES = YES;
				CLANG_ENABLE_OBJC_ARC = YES;
				CLANG_ENABLE_OBJC_WEAK = YES;
				CLANG_WARN_BLOCK_CAPTURE_AUTORELEASING = YES;
				CLANG_WARN_BOOL_CONVERSION = YES;
				CLANG_WARN_COMMA = YES;
				CLANG_WARN_CONSTANT_CONVERSION = YES;
				CLANG_WARN_DEPRECATED_OBJC_IMPLEMENTATIONS = YES;
				CLANG_WARN_DIRECT_OBJC_ISA_USAGE = YES_ERROR;
				CLANG_WARN_DOCUMENTATION_COMMENTS = YES;
				CLANG_WARN_EMPTY_BODY = YES;
				CLANG_WARN_ENUM_CONVERSION = YES;
				CLANG_WARN_INFINITE_RECURSION = YES;
				CLANG_WARN_INT_CONVERSION = YES;
				CLANG_WARN_NON_LITERAL_NULL_CONVERSION = YES;
				CLANG_WARN_OBJC_IMPLICIT_RETAIN_SELF = YES;
				CLANG_WARN_OBJC_LITERAL_CONVERSION = YES;
				CLANG_WARN_OBJC_ROOT_CLASS = YES_ERROR;
				CLANG_WARN_QUOTED_INCLUDE_IN_FRAMEWORK_HEADER = YES;
				CLANG_WARN_RANGE_LOOP_ANALYSIS = YES;
				CLANG_WARN_STRICT_PROTOTYPES = YES;
				CLANG_WARN_SUSPICIOUS_MOVE = YES;
				CLANG_WARN_UNGUARDED_AVAILABILITY = YES_AGGRESSIVE;
				CLANG_WARN_UNREACHABLE_CODE = YES;
				CLANG_WARN__DUPLICATE_METHOD_MATCH = YES;
				CODE_SIGN_IDENTITY = "Mac Developer";
				COPY_PHASE_STRIP = NO;
				DEBUG_INFORMATION_FORMAT = dwarf;
				ENABLE_STRICT_OBJC_MSGSEND = YES;
				ENABLE_TESTABILITY = YES;
				GCC_C_LANGUAGE_STANDARD = gnu11;
				GCC_DYNAMIC_NO_PIC = NO;
				GCC_NO_COMMON_BLOCKS = YES;
				GCC_OPTIMIZATION_LEVEL = 0;
				GCC_PREPROCESSOR_DEFINITIONS = (
					"DEBUG=1",
					"$(inherited)",
				);
				GCC_WARN_64_TO_32_BIT_CONVERSION = YES;
				GCC_WARN_ABOUT_RETURN_TYPE = YES_ERROR;
				GCC_WARN_UNDECLARED_SELECTOR = YES;
				GCC_WARN_UNINITIALIZED_AUTOS = YES_AGGRESSIVE;
				GCC_WARN_UNUSED_FUNCTION = YES;
				GCC_WARN_UNUSED_VARIABLE = YES;
				MACOSX_DEPLOYMENT_TARGET = 10.13;
				MTL_ENABLE_DEBUG_INFO = INCLUDE_SOURCE;
				MTL_FAST_MATH = YES;
				ONLY_ACTIVE_ARCH = YES;
				SDKROOT = macosx;
				SWIFT_OPTIMIZATION_LEVEL = "-Onone";
				SWIFT_VERSION = 5.0;
			};
			name = Debug;
		};
		FA82A135294F2C2800410378 /* Release */ = {
			isa = XCBuildConfiguration;
			buildSettings = {
				ALWAYS_SEARCH_USER_PATHS = NO;
				CLANG_ANALYZER_NONNULL = YES;
				CLANG_ANALYZER_NUMBER_OBJECT_CONVERSION = YES_AGGRESSIVE;
				CLANG_CXX_LANGUAGE_STANDARD = "gnu++20";
				CLANG_ENABLE_MODULES = YES;
				CLANG_ENABLE_OBJC_ARC = YES;
				CLANG_ENABLE_OBJC_WEAK = YES;
				CLANG_WARN_BLOCK_CAPTURE_AUTORELEASING = YES;
				CLANG_WARN_BOOL_CONVERSION = YES;
				CLANG_WARN_COMMA = YES;
				CLANG_WARN_CONSTANT_CONVERSION = YES;
				CLANG_WARN_DEPRECATED_OBJC_IMPLEMENTATIONS = YES;
				CLANG_WARN_DIRECT_OBJC_ISA_USAGE = YES_ERROR;
				CLANG_WARN_DOCUMENTATION_COMMENTS = YES;
				CLANG_WARN_EMPTY_BODY = YES;
				CLANG_WARN_ENUM_CONVERSION = YES;
				CLANG_WARN_INFINITE_RECURSION = YES;
				CLANG_WARN_INT_CONVERSION = YES;
				CLANG_WARN_NON_LITERAL_NULL_CONVERSION = YES;
				CLANG_WARN_OBJC_IMPLICIT_RETAIN_SELF = YES;
				CLANG_WARN_OBJC_LITERAL_CONVERSION = YES;
				CLANG_WARN_OBJC_ROOT_CLASS = YES_ERROR;
				CLANG_WARN_QUOTED_INCLUDE_IN_FRAMEWORK_HEADER = YES;
				CLANG_WARN_RANGE_LOOP_ANALYSIS = YES;
				CLANG_WARN_STRICT_PROTOTYPES = YES;
				CLANG_WARN_SUSPICIOUS_MOVE = YES;
				CLANG_WARN_UNGUARDED_AVAILABILITY = YES_AGGRESSIVE;
				CLANG_WARN_UNREACHABLE_CODE = YES;
				CLANG_WARN__DUPLICATE_METHOD_MATCH = YES;
				CODE_SIGN_IDENTITY = "Mac Developer";
				COPY_PHASE_STRIP = NO;
				DEBUG_INFORMATION_FORMAT = "dwarf-with-dsym";
				ENABLE_NS_ASSERTIONS = NO;
				ENABLE_STRICT_OBJC_MSGSEND = YES;
				GCC_C_LANGUAGE_STANDARD = gnu11;
				GCC_NO_COMMON_BLOCKS = YES;
				GCC_WARN_64_TO_32_BIT_CONVERSION = YES;
				GCC_WARN_ABOUT_RETURN_TYPE = YES_ERROR;
				GCC_WARN_UNDECLARED_SELECTOR = YES;
				GCC_WARN_UNINITIALIZED_AUTOS = YES_AGGRESSIVE;
				GCC_WARN_UNUSED_FUNCTION = YES;
				GCC_WARN_UNUSED_VARIABLE = YES;
				MACOSX_DEPLOYMENT_TARGET = 10.13;
				MTL_ENABLE_DEBUG_INFO = NO;
				MTL_FAST_MATH = YES;
				SDKROOT = macosx;
				SWIFT_VERSION = 5.0;
			};
			name = Release;
		};
		FA82A137294F2C2800410378 /* Debug */ = {
			isa = XCBuildConfiguration;
			buildSettings = {
				ALWAYS_EMBED_SWIFT_STANDARD_LIBRARIES = YES;
				CLANG_ENABLE_MODULES = YES;
				CODE_SIGN_IDENTITY = "";
				CODE_SIGN_STYLE = Automatic;
				COMBINE_HIDPI_IMAGES = YES;
				CURRENT_PROJECT_VERSION = 1;
				DEFINES_MODULE = YES;
				DEPLOYMENT_LOCATION = YES;
				DEPLOYMENT_POSTPROCESSING = YES;
				DEVELOPMENT_TEAM = "";
				GENERATE_INFOPLIST_FILE = YES;
				INFOPLIST_FILE = AdditionalAccentColors/Info.plist;
				INFOPLIST_KEY_NSHumanReadableCopyright = "";
				INFOPLIST_KEY_NSMainNibFile = AdditionalAccentColors;
				INFOPLIST_KEY_NSPrincipalClass = PrefPane;
				INSTALL_PATH = "$(HOME)/Library/PreferencePanes";
				LD_RUNPATH_SEARCH_PATHS = (
					"$(inherited)",
					"@executable_path/../Frameworks",
					"@loader_path/../Frameworks",
				);
				LIBRARY_SEARCH_PATHS = (
					"$(inherited)",
					"$(SDKROOT)/usr/lib/swift",
				);
				MARKETING_VERSION = 1.0;
				PRODUCT_BUNDLE_IDENTIFIER = "com.slippyd.$(PROJECT_NAME)-$(TARGET_NAME)";
				PRODUCT_NAME = "$(PROJECT_NAME)";
				SWIFT_EMIT_LOC_STRINGS = YES;
				SWIFT_OBJC_BRIDGING_HEADER = "AdditionalAccentColors/PrefPane-Bridging-Header.h";
				SWIFT_OPTIMIZATION_LEVEL = "-Onone";
				SWIFT_VERSION = 5.0;
				WRAPPER_EXTENSION = prefPane;
			};
			name = Debug;
		};
		FA82A138294F2C2800410378 /* Release */ = {
			isa = XCBuildConfiguration;
			buildSettings = {
				ALWAYS_EMBED_SWIFT_STANDARD_LIBRARIES = YES;
				CLANG_ENABLE_MODULES = YES;
				CODE_SIGN_IDENTITY = "";
				CODE_SIGN_STYLE = Automatic;
				COMBINE_HIDPI_IMAGES = YES;
				CURRENT_PROJECT_VERSION = 1;
				DEFINES_MODULE = YES;
				DEPLOYMENT_LOCATION = YES;
				DEPLOYMENT_POSTPROCESSING = YES;
				DEVELOPMENT_TEAM = "";
				GENERATE_INFOPLIST_FILE = YES;
				INFOPLIST_FILE = AdditionalAccentColors/Info.plist;
				INFOPLIST_KEY_NSHumanReadableCopyright = "";
				INFOPLIST_KEY_NSMainNibFile = AdditionalAccentColors;
				INFOPLIST_KEY_NSPrincipalClass = PrefPane;
				INSTALL_PATH = "$(HOME)/Library/PreferencePanes";
				LD_RUNPATH_SEARCH_PATHS = (
					"$(inherited)",
					"@executable_path/../Frameworks",
					"@loader_path/../Frameworks",
				);
				LIBRARY_SEARCH_PATHS = (
					"$(inherited)",
					"$(SDKROOT)/usr/lib/swift",
				);
				MARKETING_VERSION = 1.0;
				PRODUCT_BUNDLE_IDENTIFIER = "com.slippyd.$(PROJECT_NAME)-$(TARGET_NAME)";
				PRODUCT_NAME = "$(PROJECT_NAME)";
				SWIFT_EMIT_LOC_STRINGS = YES;
				SWIFT_OBJC_BRIDGING_HEADER = "AdditionalAccentColors/PrefPane-Bridging-Header.h";
				SWIFT_VERSION = 5.0;
				WRAPPER_EXTENSION = prefPane;
			};
			name = Release;
		};
		FA82A15B294F2E9900410378 /* Debug */ = {
			isa = XCBuildConfiguration;
			buildSettings = {
				ASSETCATALOG_COMPILER_APPICON_NAME = AppIcon;
				ASSETCATALOG_COMPILER_GLOBAL_ACCENT_COLOR_NAME = AccentColor;
				CODE_SIGN_ENTITLEMENTS = StandaloneApp/StandaloneApp.entitlements;
				"CODE_SIGN_IDENTITY[sdk=macosx*]" = "-";
				CODE_SIGN_STYLE = Automatic;
				COMBINE_HIDPI_IMAGES = YES;
				CURRENT_PROJECT_VERSION = 1;
				GENERATE_INFOPLIST_FILE = YES;
				INFOPLIST_KEY_NSHumanReadableCopyright = "";
				INFOPLIST_KEY_NSMainNibFile = MainMenu;
				INFOPLIST_KEY_NSPrincipalClass = NSApplication;
				LD_RUNPATH_SEARCH_PATHS = (
					"$(inherited)",
					"@executable_path/../Frameworks",
				);
				MARKETING_VERSION = 1.0;
				PRODUCT_BUNDLE_IDENTIFIER = "com.slippyd.$(PROJECT_NAME)-$(TARGET_NAME)";
				PRODUCT_NAME = "$(PROJECT_NAME)";
				SWIFT_ACTIVE_COMPILATION_CONDITIONS = DEBUG;
				SWIFT_EMIT_LOC_STRINGS = YES;
				SWIFT_OPTIMIZATION_LEVEL = "-Onone";
			};
			name = Debug;
		};
		FA82A15C294F2E9900410378 /* Release */ = {
			isa = XCBuildConfiguration;
			buildSettings = {
				ASSETCATALOG_COMPILER_APPICON_NAME = AppIcon;
				ASSETCATALOG_COMPILER_GLOBAL_ACCENT_COLOR_NAME = AccentColor;
				CODE_SIGN_ENTITLEMENTS = StandaloneApp/StandaloneApp.entitlements;
				"CODE_SIGN_IDENTITY[sdk=macosx*]" = "-";
				CODE_SIGN_STYLE = Automatic;
				COMBINE_HIDPI_IMAGES = YES;
				CURRENT_PROJECT_VERSION = 1;
				GENERATE_INFOPLIST_FILE = YES;
				INFOPLIST_KEY_NSHumanReadableCopyright = "";
				INFOPLIST_KEY_NSMainNibFile = MainMenu;
				INFOPLIST_KEY_NSPrincipalClass = NSApplication;
				LD_RUNPATH_SEARCH_PATHS = (
					"$(inherited)",
					"@executable_path/../Frameworks",
				);
				MARKETING_VERSION = 1.0;
				PRODUCT_BUNDLE_IDENTIFIER = "com.slippyd.$(PROJECT_NAME)-$(TARGET_NAME)";
				PRODUCT_NAME = "$(PROJECT_NAME)";
				SWIFT_COMPILATION_MODE = wholemodule;
				SWIFT_EMIT_LOC_STRINGS = YES;
				SWIFT_OPTIMIZATION_LEVEL = "-O";
			};
			name = Release;
		};
/* End XCBuildConfiguration section */

/* Begin XCConfigurationList section */
		FA82A121294F2C2800410378 /* Build configuration list for PBXProject "AdditionalAccentColors" */ = {
			isa = XCConfigurationList;
			buildConfigurations = (
				FA82A134294F2C2800410378 /* Debug */,
				FA82A135294F2C2800410378 /* Release */,
			);
			defaultConfigurationIsVisible = 0;
			defaultConfigurationName = Release;
		};
		FA82A136294F2C2800410378 /* Build configuration list for PBXNativeTarget "PrefPane" */ = {
			isa = XCConfigurationList;
			buildConfigurations = (
				FA82A137294F2C2800410378 /* Debug */,
				FA82A138294F2C2800410378 /* Release */,
			);
			defaultConfigurationIsVisible = 0;
			defaultConfigurationName = Release;
		};
		FA82A15A294F2E9900410378 /* Build configuration list for PBXNativeTarget "StandaloneApp" */ = {
			isa = XCConfigurationList;
			buildConfigurations = (
				FA82A15B294F2E9900410378 /* Debug */,
				FA82A15C294F2E9900410378 /* Release */,
			);
			defaultConfigurationIsVisible = 0;
			defaultConfigurationName = Release;
		};
/* End XCConfigurationList section */
	};
	rootObject = FA82A11E294F2C2800410378 /* Project object */;
}
