<?xml version="1.0" encoding="UTF-8"?>
<Scheme
   LastUpgradeVersion = "1420"
   version = "1.7">
   <BuildAction
      parallelizeBuildables = "YES"
      buildImplicitDependencies = "YES">
      <BuildActionEntries>
         <BuildActionEntry
            buildForTesting = "YES"
            buildForRunning = "YES"
            buildForProfiling = "YES"
            buildForArchiving = "YES"
            buildForAnalyzing = "YES">
            <BuildableReference
               BuildableIdentifier = "primary"
               BlueprintIdentifier = "FA82A126294F2C2800410378"
               BuildableName = "AdditionalAccentColors.prefPane"
               BlueprintName = "PrefPane"
               ReferencedContainer = "container:AdditionalAccentColors.xcodeproj">
            </BuildableReference>
         </BuildActionEntry>
      </BuildActionEntries>
   </BuildAction>
   <TestAction
      buildConfiguration = "Debug"
      selectedDebuggerIdentifier = "Xcode.DebuggerFoundation.Debugger.LLDB"
      selectedLauncherIdentifier = "Xcode.DebuggerFoundation.Launcher.LLDB"
      shouldUseLaunchSchemeArgsEnv = "YES">
      <Testables>
      </Testables>
   </TestAction>
   <LaunchAction
      buildConfiguration = "Debug"
      selectedDebuggerIdentifier = "Xcode.DebuggerFoundation.Debugger.LLDB"
      selectedLauncherIdentifier = "Xcode.DebuggerFoundation.Launcher.LLDB"
      launchStyle = "1"
      useCustomWorkingDirectory = "NO"
      ignoresPersistentStateOnLaunch = "NO"
      debugDocumentVersioning = "YES"
      debugServiceExtension = "internal"
      allowLocationSimulation = "YES">
      <PreActions>
         <ExecutionAction
            ActionType = "Xcode.IDEStandardExecutionActionsCore.ExecutionActionType.ShellScriptAction">
            <ActionContent
               title = "Run Script"
               scriptText = "# Remove previously installed prefPane&#10;rm -rf &quot;${INSTALL_PATH}/${FULL_PRODUCT_NAME}&quot;&#10;&#10;# Install built prefPane by copying product to user library.&#10;cp -r &quot;${DSTROOT}/${INSTALL_PATH}/${FULL_PRODUCT_NAME}&quot; &quot;${INSTALL_PATH}/${FULL_PRODUCT_NAME}&quot;&#10;&#10;&#10;open_syspref(){&#10;&#9;osascript -e &apos;tell application &quot;System Preferences&quot; to quit&apos;&#10;&#9;sleep 6&#10;&#9;osascript -e &apos;tell application &quot;System Preferences&quot; to activate&apos;&#10;&#9;sleep 3&#10;&#9;osascript -e &quot;tell application \&quot;System Preferences\&quot; to set the current pane to pane id \&quot;${PRODUCT_BUNDLE_IDENTIFIER}\&quot;&quot;&#10;}&#10;# Allow Xcode to start waiting for app launch.&#10;open_syspref &amp;&#10;">
               <EnvironmentBuildable>
                  <BuildableReference
                     BuildableIdentifier = "primary"
                     BlueprintIdentifier = "FA82A126294F2C2800410378"
                     BuildableName = "AdditionalAccentColors.prefPane"
                     BlueprintName = "PrefPane"
                     ReferencedContainer = "container:AdditionalAccentColors.xcodeproj">
                  </BuildableReference>
               </EnvironmentBuildable>
            </ActionContent>
         </ExecutionAction>
      </PreActions>
      <PostActions>
         <ExecutionAction
            ActionType = "Xcode.IDEStandardExecutionActionsCore.ExecutionActionType.ShellScriptAction">
            <ActionContent
               title = "Run Script"
               scriptText = "# Cleanup by removing installed prefPane&#10;rm -rf ~/&quot;Library/PreferencePanes/${FULL_PRODUCT_NAME}&quot;&#10;">
               <EnvironmentBuildable>
                  <BuildableReference
                     BuildableIdentifier = "primary"
                     BlueprintIdentifier = "FA82A126294F2C2800410378"
                     BuildableName = "AdditionalAccentColors.prefPane"
                     BlueprintName = "PrefPane"
                     ReferencedContainer = "container:AdditionalAccentColors.xcodeproj">
                  </BuildableReference>
               </EnvironmentBuildable>
            </ActionContent>
         </ExecutionAction>
      </PostActions>
      <PathRunnable
         runnableDebuggingMode = "0"
         BundleIdentifier = "com.apple.systempreferences.legacyLoader.x86_64"
         FilePath = "/System/Library/Frameworks/PreferencePanes.framework/Versions/A/XPCServices/legacyLoader-x86_64.xpc">
      </PathRunnable>
   </LaunchAction>
   <ProfileAction
      buildConfiguration = "Release"
      shouldUseLaunchSchemeArgsEnv = "YES"
      savedToolIdentifier = ""
      useCustomWorkingDirectory = "NO"
      debugDocumentVersioning = "YES">
      <MacroExpansion>
         <BuildableReference
            BuildableIdentifier = "primary"
            BlueprintIdentifier = "FA82A126294F2C2800410378"
            BuildableName = "AdditionalAccentColors.prefPane"
            BlueprintName = "PrefPane"
            ReferencedContainer = "container:AdditionalAccentColors.xcodeproj">
         </BuildableReference>
      </MacroExpansion>
   </ProfileAction>
   <AnalyzeAction
      buildConfiguration = "Debug">
   </AnalyzeAction>
   <ArchiveAction
      buildConfiguration = "Release"
      revealArchiveInOrganizer = "YES">
   </ArchiveAction>
</Scheme>
